// !$*UTF8*$!
{
	archiveVersion = 1;
	classes = {
	};
	objectVersion = 52;
	objects = {

/* Begin PBXBuildFile section */
		CF9E691E26839E6300398E1A /* ARFApp.swift in Sources */ = {isa = PBXBuildFile; fileRef = CF9E691D26839E6300398E1A /* ARFApp.swift */; };
		CF9E692026839E6300398E1A /* ContentView.swift in Sources */ = {isa = PBXBuildFile; fileRef = CF9E691F26839E6300398E1A /* ContentView.swift */; };
		CF9E692226839E6600398E1A /* Assets.xcassets in Resources */ = {isa = PBXBuildFile; fileRef = CF9E692126839E6600398E1A /* Assets.xcassets */; };
		CF9E692526839E6600398E1A /* Preview Assets.xcassets in Resources */ = {isa = PBXBuildFile; fileRef = CF9E692426839E6600398E1A /* Preview Assets.xcassets */; };
		CF9E693026839E6600398E1A /* ARFTests.swift in Sources */ = {isa = PBXBuildFile; fileRef = CF9E692F26839E6600398E1A /* ARFTests.swift */; };
		CF9E693B26839E6600398E1A /* ARFUITests.swift in Sources */ = {isa = PBXBuildFile; fileRef = CF9E693A26839E6600398E1A /* ARFUITests.swift */; };
		CFEF05C62683A3B400A5B35F /* toy_drummer.usdz in Resources */ = {isa = PBXBuildFile; fileRef = CFEF05C12683A39F00A5B35F /* toy_drummer.usdz */; };
		CFEF05C72683A3B400A5B35F /* tv_retro.usdz in Resources */ = {isa = PBXBuildFile; fileRef = CFEF05C22683A3A300A5B35F /* tv_retro.usdz */; };
		CFEF05C82683A3B400A5B35F /* fender_stratocaster.usdz in Resources */ = {isa = PBXBuildFile; fileRef = CFEF05C32683A3A800A5B35F /* fender_stratocaster.usdz */; };
		CFEF05C92683A3B400A5B35F /* toy_robot_vintage.usdz in Resources */ = {isa = PBXBuildFile; fileRef = CFEF05C42683A3AE00A5B35F /* toy_robot_vintage.usdz */; };
		CFEF05CA2683A3B400A5B35F /* gramophone.usdz in Resources */ = {isa = PBXBuildFile; fileRef = CFEF05C52683A3B400A5B35F /* gramophone.usdz */; };
		CFEF05CC2683A55A00A5B35F /* ControlView.swift in Sources */ = {isa = PBXBuildFile; fileRef = CFEF05CB2683A55A00A5B35F /* ControlView.swift */; };
		CFEF05CE2683AD8700A5B35F /* BrowseView.swift in Sources */ = {isa = PBXBuildFile; fileRef = CFEF05CD2683AD8700A5B35F /* BrowseView.swift */; };
		CFEF05D02683B55800A5B35F /* Model.swift in Sources */ = {isa = PBXBuildFile; fileRef = CFEF05CF2683B55800A5B35F /* Model.swift */; };
		CFEF05D22683C4C000A5B35F /* PlacementSettings.swift in Sources */ = {isa = PBXBuildFile; fileRef = CFEF05D12683C4C000A5B35F /* PlacementSettings.swift */; };
		CFEF05D42683C7AA00A5B35F /* PlacementView.swift in Sources */ = {isa = PBXBuildFile; fileRef = CFEF05D32683C7AA00A5B35F /* PlacementView.swift */; };
		CFEF05D72683D2E000A5B35F /* FocusEntity in Frameworks */ = {isa = PBXBuildFile; productRef = CFEF05D62683D2E000A5B35F /* FocusEntity */; };
		CFEF05D92683D30B00A5B35F /* CustomArView.swift in Sources */ = {isa = PBXBuildFile; fileRef = CFEF05D82683D30B00A5B35F /* CustomArView.swift */; };
		CFEF05DB2683DF1B00A5B35F /* View+Extensions.swift in Sources */ = {isa = PBXBuildFile; fileRef = CFEF05DA2683DF1B00A5B35F /* View+Extensions.swift */; };
		CFEF05DD2683E5A900A5B35F /* SessionSettings.swift in Sources */ = {isa = PBXBuildFile; fileRef = CFEF05DC2683E5A900A5B35F /* SessionSettings.swift */; };
		CFEF05DF2684028B00A5B35F /* SettingsView.swift in Sources */ = {isa = PBXBuildFile; fileRef = CFEF05DE2684028B00A5B35F /* SettingsView.swift */; };
/* End PBXBuildFile section */

/* Begin PBXContainerItemProxy section */
		CF9E692C26839E6600398E1A /* PBXContainerItemProxy */ = {
			isa = PBXContainerItemProxy;
			containerPortal = CF9E691226839E6300398E1A /* Project object */;
			proxyType = 1;
			remoteGlobalIDString = CF9E691926839E6300398E1A;
			remoteInfo = ARF;
		};
		CF9E693726839E6600398E1A /* PBXContainerItemProxy */ = {
			isa = PBXContainerItemProxy;
			containerPortal = CF9E691226839E6300398E1A /* Project object */;
			proxyType = 1;
			remoteGlobalIDString = CF9E691926839E6300398E1A;
			remoteInfo = ARF;
		};
/* End PBXContainerItemProxy section */

/* Begin PBXFileReference section */
		CF9E691A26839E6300398E1A /* ARF.app */ = {isa = PBXFileReference; explicitFileType = wrapper.application; includeInIndex = 0; path = ARF.app; sourceTree = BUILT_PRODUCTS_DIR; };
		CF9E691D26839E6300398E1A /* ARFApp.swift */ = {isa = PBXFileReference; lastKnownFileType = sourcecode.swift; path = ARFApp.swift; sourceTree = "<group>"; };
		CF9E691F26839E6300398E1A /* ContentView.swift */ = {isa = PBXFileReference; lastKnownFileType = sourcecode.swift; path = ContentView.swift; sourceTree = "<group>"; };
		CF9E692126839E6600398E1A /* Assets.xcassets */ = {isa = PBXFileReference; lastKnownFileType = folder.assetcatalog; path = Assets.xcassets; sourceTree = "<group>"; };
		CF9E692426839E6600398E1A /* Preview Assets.xcassets */ = {isa = PBXFileReference; lastKnownFileType = folder.assetcatalog; path = "Preview Assets.xcassets"; sourceTree = "<group>"; };
		CF9E692626839E6600398E1A /* Info.plist */ = {isa = PBXFileReference; lastKnownFileType = text.plist.xml; path = Info.plist; sourceTree = "<group>"; };
		CF9E692B26839E6600398E1A /* ARFTests.xctest */ = {isa = PBXFileReference; explicitFileType = wrapper.cfbundle; includeInIndex = 0; path = ARFTests.xctest; sourceTree = BUILT_PRODUCTS_DIR; };
		CF9E692F26839E6600398E1A /* ARFTests.swift */ = {isa = PBXFileReference; lastKnownFileType = sourcecode.swift; path = ARFTests.swift; sourceTree = "<group>"; };
		CF9E693126839E6600398E1A /* Info.plist */ = {isa = PBXFileReference; lastKnownFileType = text.plist.xml; path = Info.plist; sourceTree = "<group>"; };
		CF9E693626839E6600398E1A /* ARFUITests.xctest */ = {isa = PBXFileReference; explicitFileType = wrapper.cfbundle; includeInIndex = 0; path = ARFUITests.xctest; sourceTree = BUILT_PRODUCTS_DIR; };
		CF9E693A26839E6600398E1A /* ARFUITests.swift */ = {isa = PBXFileReference; lastKnownFileType = sourcecode.swift; path = ARFUITests.swift; sourceTree = "<group>"; };
		CF9E693C26839E6600398E1A /* Info.plist */ = {isa = PBXFileReference; lastKnownFileType = text.plist.xml; path = Info.plist; sourceTree = "<group>"; };
		CFEF05C12683A39F00A5B35F /* toy_drummer.usdz */ = {isa = PBXFileReference; lastKnownFileType = file.usdz; path = toy_drummer.usdz; sourceTree = "<group>"; };
		CFEF05C22683A3A300A5B35F /* tv_retro.usdz */ = {isa = PBXFileReference; lastKnownFileType = file.usdz; path = tv_retro.usdz; sourceTree = "<group>"; };
		CFEF05C32683A3A800A5B35F /* fender_stratocaster.usdz */ = {isa = PBXFileReference; lastKnownFileType = file.usdz; path = fender_stratocaster.usdz; sourceTree = "<group>"; };
		CFEF05C42683A3AE00A5B35F /* toy_robot_vintage.usdz */ = {isa = PBXFileReference; lastKnownFileType = file.usdz; path = toy_robot_vintage.usdz; sourceTree = "<group>"; };
		CFEF05C52683A3B400A5B35F /* gramophone.usdz */ = {isa = PBXFileReference; lastKnownFileType = file.usdz; path = gramophone.usdz; sourceTree = "<group>"; };
		CFEF05CB2683A55A00A5B35F /* ControlView.swift */ = {isa = PBXFileReference; lastKnownFileType = sourcecode.swift; path = ControlView.swift; sourceTree = "<group>"; };
		CFEF05CD2683AD8700A5B35F /* BrowseView.swift */ = {isa = PBXFileReference; lastKnownFileType = sourcecode.swift; path = BrowseView.swift; sourceTree = "<group>"; };
		CFEF05CF2683B55800A5B35F /* Model.swift */ = {isa = PBXFileReference; lastKnownFileType = sourcecode.swift; path = Model.swift; sourceTree = "<group>"; };
		CFEF05D12683C4C000A5B35F /* PlacementSettings.swift */ = {isa = PBXFileReference; lastKnownFileType = sourcecode.swift; path = PlacementSettings.swift; sourceTree = "<group>"; };
		CFEF05D32683C7AA00A5B35F /* PlacementView.swift */ = {isa = PBXFileReference; lastKnownFileType = sourcecode.swift; path = PlacementView.swift; sourceTree = "<group>"; };
		CFEF05D82683D30B00A5B35F /* CustomArView.swift */ = {isa = PBXFileReference; lastKnownFileType = sourcecode.swift; path = CustomArView.swift; sourceTree = "<group>"; };
		CFEF05DA2683DF1B00A5B35F /* View+Extensions.swift */ = {isa = PBXFileReference; lastKnownFileType = sourcecode.swift; path = "View+Extensions.swift"; sourceTree = "<group>"; };
		CFEF05DC2683E5A900A5B35F /* SessionSettings.swift */ = {isa = PBXFileReference; lastKnownFileType = sourcecode.swift; path = SessionSettings.swift; sourceTree = "<group>"; };
		CFEF05DE2684028B00A5B35F /* SettingsView.swift */ = {isa = PBXFileReference; lastKnownFileType = sourcecode.swift; path = SettingsView.swift; sourceTree = "<group>"; };
/* End PBXFileReference section */

/* Begin PBXFrameworksBuildPhase section */
		CF9E691726839E6300398E1A /* Frameworks */ = {
			isa = PBXFrameworksBuildPhase;
			buildActionMask = 2147483647;
			files = (
				CFEF05D72683D2E000A5B35F /* FocusEntity in Frameworks */,
			);
			runOnlyForDeploymentPostprocessing = 0;
		};
		CF9E692826839E6600398E1A /* Frameworks */ = {
			isa = PBXFrameworksBuildPhase;
			buildActionMask = 2147483647;
			files = (
			);
			runOnlyForDeploymentPostprocessing = 0;
		};
		CF9E693326839E6600398E1A /* Frameworks */ = {
			isa = PBXFrameworksBuildPhase;
			buildActionMask = 2147483647;
			files = (
			);
			runOnlyForDeploymentPostprocessing = 0;
		};
/* End PBXFrameworksBuildPhase section */

/* Begin PBXGroup section */
		CF9E691126839E6300398E1A = {
			isa = PBXGroup;
			children = (
				CF9E691C26839E6300398E1A /* ARF */,
				CF9E692E26839E6600398E1A /* ARFTests */,
				CF9E693926839E6600398E1A /* ARFUITests */,
				CF9E691B26839E6300398E1A /* Products */,
			);
			sourceTree = "<group>";
		};
		CF9E691B26839E6300398E1A /* Products */ = {
			isa = PBXGroup;
			children = (
				CF9E691A26839E6300398E1A /* ARF.app */,
				CF9E692B26839E6600398E1A /* ARFTests.xctest */,
				CF9E693626839E6600398E1A /* ARFUITests.xctest */,
			);
			name = Products;
			sourceTree = "<group>";
		};
		CF9E691C26839E6300398E1A /* ARF */ = {
			isa = PBXGroup;
			children = (
				CF9E691D26839E6300398E1A /* ARFApp.swift */,
				CF9E691F26839E6300398E1A /* ContentView.swift */,
				CFEF05D82683D30B00A5B35F /* CustomArView.swift */,
				CFEF05CB2683A55A00A5B35F /* ControlView.swift */,
				CFEF05DC2683E5A900A5B35F /* SessionSettings.swift */,
				CFEF05CD2683AD8700A5B35F /* BrowseView.swift */,
				CFEF05D32683C7AA00A5B35F /* PlacementView.swift */,
				CFEF05DE2684028B00A5B35F /* SettingsView.swift */,
				CFEF05D12683C4C000A5B35F /* PlacementSettings.swift */,
				CFEF05CF2683B55800A5B35F /* Model.swift */,
				CFEF05DA2683DF1B00A5B35F /* View+Extensions.swift */,
				CF9E692126839E6600398E1A /* Assets.xcassets */,
				CF9E692626839E6600398E1A /* Info.plist */,
				CFEF05C02683A2E200A5B35F /* 3D Assets */,
				CF9E692326839E6600398E1A /* Preview Content */,
			);
			path = ARF;
			sourceTree = "<group>";
		};
		CF9E692326839E6600398E1A /* Preview Content */ = {
			isa = PBXGroup;
			children = (
				CF9E692426839E6600398E1A /* Preview Assets.xcassets */,
			);
			path = "Preview Content";
			sourceTree = "<group>";
		};
		CF9E692E26839E6600398E1A /* ARFTests */ = {
			isa = PBXGroup;
			children = (
				CF9E692F26839E6600398E1A /* ARFTests.swift */,
				CF9E693126839E6600398E1A /* Info.plist */,
			);
			path = ARFTests;
			sourceTree = "<group>";
		};
		CF9E693926839E6600398E1A /* ARFUITests */ = {
			isa = PBXGroup;
			children = (
				CF9E693A26839E6600398E1A /* ARFUITests.swift */,
				CF9E693C26839E6600398E1A /* Info.plist */,
			);
			path = ARFUITests;
			sourceTree = "<group>";
		};
		CFEF05C02683A2E200A5B35F /* 3D Assets */ = {
			isa = PBXGroup;
			children = (
				CFEF05C32683A3A800A5B35F /* fender_stratocaster.usdz */,
				CFEF05C52683A3B400A5B35F /* gramophone.usdz */,
				CFEF05C12683A39F00A5B35F /* toy_drummer.usdz */,
				CFEF05C42683A3AE00A5B35F /* toy_robot_vintage.usdz */,
				CFEF05C22683A3A300A5B35F /* tv_retro.usdz */,
			);
			path = "3D Assets";
			sourceTree = "<group>";
		};
/* End PBXGroup section */

/* Begin PBXNativeTarget section */
		CF9E691926839E6300398E1A /* ARF */ = {
			isa = PBXNativeTarget;
			buildConfigurationList = CF9E693F26839E6600398E1A /* Build configuration list for PBXNativeTarget "ARF" */;
			buildPhases = (
				CF9E691626839E6300398E1A /* Sources */,
				CF9E691726839E6300398E1A /* Frameworks */,
				CF9E691826839E6300398E1A /* Resources */,
			);
			buildRules = (
			);
			dependencies = (
			);
			name = ARF;
			packageProductDependencies = (
				CFEF05D62683D2E000A5B35F /* FocusEntity */,
			);
			productName = ARF;
			productReference = CF9E691A26839E6300398E1A /* ARF.app */;
			productType = "com.apple.product-type.application";
		};
		CF9E692A26839E6600398E1A /* ARFTests */ = {
			isa = PBXNativeTarget;
			buildConfigurationList = CF9E694226839E6600398E1A /* Build configuration list for PBXNativeTarget "ARFTests" */;
			buildPhases = (
				CF9E692726839E6600398E1A /* Sources */,
				CF9E692826839E6600398E1A /* Frameworks */,
				CF9E692926839E6600398E1A /* Resources */,
			);
			buildRules = (
			);
			dependencies = (
				CF9E692D26839E6600398E1A /* PBXTargetDependency */,
			);
			name = ARFTests;
			productName = ARFTests;
			productReference = CF9E692B26839E6600398E1A /* ARFTests.xctest */;
			productType = "com.apple.product-type.bundle.unit-test";
		};
		CF9E693526839E6600398E1A /* ARFUITests */ = {
			isa = PBXNativeTarget;
			buildConfigurationList = CF9E694526839E6600398E1A /* Build configuration list for PBXNativeTarget "ARFUITests" */;
			buildPhases = (
				CF9E693226839E6600398E1A /* Sources */,
				CF9E693326839E6600398E1A /* Frameworks */,
				CF9E693426839E6600398E1A /* Resources */,
			);
			buildRules = (
			);
			dependencies = (
				CF9E693826839E6600398E1A /* PBXTargetDependency */,
			);
			name = ARFUITests;
			productName = ARFUITests;
			productReference = CF9E693626839E6600398E1A /* ARFUITests.xctest */;
			productType = "com.apple.product-type.bundle.ui-testing";
		};
/* End PBXNativeTarget section */

/* Begin PBXProject section */
		CF9E691226839E6300398E1A /* Project object */ = {
			isa = PBXProject;
			attributes = {
				LastSwiftUpdateCheck = 1250;
				LastUpgradeCheck = 1250;
				TargetAttributes = {
					CF9E691926839E6300398E1A = {
						CreatedOnToolsVersion = 12.5.1;
					};
					CF9E692A26839E6600398E1A = {
						CreatedOnToolsVersion = 12.5.1;
						TestTargetID = CF9E691926839E6300398E1A;
					};
					CF9E693526839E6600398E1A = {
						CreatedOnToolsVersion = 12.5.1;
						TestTargetID = CF9E691926839E6300398E1A;
					};
				};
			};
			buildConfigurationList = CF9E691526839E6300398E1A /* Build configuration list for PBXProject "ARF" */;
			compatibilityVersion = "Xcode 9.3";
			developmentRegion = en;
			hasScannedForEncodings = 0;
			knownRegions = (
				en,
				Base,
			);
			mainGroup = CF9E691126839E6300398E1A;
			packageReferences = (
				CFEF05D52683D2E000A5B35F /* XCRemoteSwiftPackageReference "FocusEntity" */,
			);
			productRefGroup = CF9E691B26839E6300398E1A /* Products */;
			projectDirPath = "";
			projectRoot = "";
			targets = (
				CF9E691926839E6300398E1A /* ARF */,
				CF9E692A26839E6600398E1A /* ARFTests */,
				CF9E693526839E6600398E1A /* ARFUITests */,
			);
		};
/* End PBXProject section */

/* Begin PBXResourcesBuildPhase section */
		CF9E691826839E6300398E1A /* Resources */ = {
			isa = PBXResourcesBuildPhase;
			buildActionMask = 2147483647;
			files = (
				CF9E692526839E6600398E1A /* Preview Assets.xcassets in Resources */,
				CFEF05C82683A3B400A5B35F /* fender_stratocaster.usdz in Resources */,
				CFEF05C92683A3B400A5B35F /* toy_robot_vintage.usdz in Resources */,
				CF9E692226839E6600398E1A /* Assets.xcassets in Resources */,
				CFEF05C72683A3B400A5B35F /* tv_retro.usdz in Resources */,
				CFEF05CA2683A3B400A5B35F /* gramophone.usdz in Resources */,
				CFEF05C62683A3B400A5B35F /* toy_drummer.usdz in Resources */,
			);
			runOnlyForDeploymentPostprocessing = 0;
		};
		CF9E692926839E6600398E1A /* Resources */ = {
			isa = PBXResourcesBuildPhase;
			buildActionMask = 2147483647;
			files = (
			);
			runOnlyForDeploymentPostprocessing = 0;
		};
		CF9E693426839E6600398E1A /* Resources */ = {
			isa = PBXResourcesBuildPhase;
			buildActionMask = 2147483647;
			files = (
			);
			runOnlyForDeploymentPostprocessing = 0;
		};
/* End PBXResourcesBuildPhase section */

/* Begin PBXSourcesBuildPhase section */
		CF9E691626839E6300398E1A /* Sources */ = {
			isa = PBXSourcesBuildPhase;
			buildActionMask = 2147483647;
			files = (
				CFEF05D22683C4C000A5B35F /* PlacementSettings.swift in Sources */,
				CFEF05DD2683E5A900A5B35F /* SessionSettings.swift in Sources */,
				CFEF05DB2683DF1B00A5B35F /* View+Extensions.swift in Sources */,
				CFEF05D02683B55800A5B35F /* Model.swift in Sources */,
				CFEF05CE2683AD8700A5B35F /* BrowseView.swift in Sources */,
				CF9E692026839E6300398E1A /* ContentView.swift in Sources */,
				CFEF05CC2683A55A00A5B35F /* ControlView.swift in Sources */,
				CF9E691E26839E6300398E1A /* ARFApp.swift in Sources */,
				CFEF05D92683D30B00A5B35F /* CustomArView.swift in Sources */,
				CFEF05D42683C7AA00A5B35F /* PlacementView.swift in Sources */,
				CFEF05DF2684028B00A5B35F /* SettingsView.swift in Sources */,
			);
			runOnlyForDeploymentPostprocessing = 0;
		};
		CF9E692726839E6600398E1A /* Sources */ = {
			isa = PBXSourcesBuildPhase;
			buildActionMask = 2147483647;
			files = (
				CF9E693026839E6600398E1A /* ARFTests.swift in Sources */,
			);
			runOnlyForDeploymentPostprocessing = 0;
		};
		CF9E693226839E6600398E1A /* Sources */ = {
			isa = PBXSourcesBuildPhase;
			buildActionMask = 2147483647;
			files = (
				CF9E693B26839E6600398E1A /* ARFUITests.swift in Sources */,
			);
			runOnlyForDeploymentPostprocessing = 0;
		};
/* End PBXSourcesBuildPhase section */

/* Begin PBXTargetDependency section */
		CF9E692D26839E6600398E1A /* PBXTargetDependency */ = {
			isa = PBXTargetDependency;
			target = CF9E691926839E6300398E1A /* ARF */;
			targetProxy = CF9E692C26839E6600398E1A /* PBXContainerItemProxy */;
		};
		CF9E693826839E6600398E1A /* PBXTargetDependency */ = {
			isa = PBXTargetDependency;
			target = CF9E691926839E6300398E1A /* ARF */;
			targetProxy = CF9E693726839E6600398E1A /* PBXContainerItemProxy */;
		};
/* End PBXTargetDependency section */

/* Begin XCBuildConfiguration section */
		CF9E693D26839E6600398E1A /* Debug */ = {
			isa = XCBuildConfiguration;
			buildSettings = {
				ALWAYS_SEARCH_USER_PATHS = NO;
				CLANG_ANALYZER_NONNULL = YES;
				CLANG_ANALYZER_NUMBER_OBJECT_CONVERSION = YES_AGGRESSIVE;
				CLANG_CXX_LANGUAGE_STANDARD = "gnu++14";
				CLANG_CXX_LIBRARY = "libc++";
				CLANG_ENABLE_MODULES = YES;
				CLANG_ENABLE_OBJC_ARC = YES;
				CLANG_ENABLE_OBJC_WEAK = YES;
				CLANG_WARN_BLOCK_CAPTURE_AUTORELEASING = YES;
				CLANG_WARN_BOOL_CONVERSION = YES;
				CLANG_WARN_COMMA = YES;
				CLANG_WARN_CONSTANT_CONVERSION = YES;
				CLANG_WARN_DEPRECATED_OBJC_IMPLEMENTATIONS = YES;
				CLANG_WARN_DIRECT_OBJC_ISA_USAGE = YES_ERROR;
				CLANG_WARN_DOCUMENTATION_COMMENTS = YES;
				CLANG_WARN_EMPTY_BODY = YES;
				CLANG_WARN_ENUM_CONVERSION = YES;
				CLANG_WARN_INFINITE_RECURSION = YES;
				CLANG_WARN_INT_CONVERSION = YES;
				CLANG_WARN_NON_LITERAL_NULL_CONVERSION = YES;
				CLANG_WARN_OBJC_IMPLICIT_RETAIN_SELF = YES;
				CLANG_WARN_OBJC_LITERAL_CONVERSION = YES;
				CLANG_WARN_OBJC_ROOT_CLASS = YES_ERROR;
				CLANG_WARN_QUOTED_INCLUDE_IN_FRAMEWORK_HEADER = YES;
				CLANG_WARN_RANGE_LOOP_ANALYSIS = YES;
				CLANG_WARN_STRICT_PROTOTYPES = YES;
				CLANG_WARN_SUSPICIOUS_MOVE = YES;
				CLANG_WARN_UNGUARDED_AVAILABILITY = YES_AGGRESSIVE;
				CLANG_WARN_UNREACHABLE_CODE = YES;
				CLANG_WARN__DUPLICATE_METHOD_MATCH = YES;
				COPY_PHASE_STRIP = NO;
				DEBUG_INFORMATION_FORMAT = dwarf;
				ENABLE_STRICT_OBJC_MSGSEND = YES;
				ENABLE_TESTABILITY = YES;
				GCC_C_LANGUAGE_STANDARD = gnu11;
				GCC_DYNAMIC_NO_PIC = NO;
				GCC_NO_COMMON_BLOCKS = YES;
				GCC_OPTIMIZATION_LEVEL = 0;
				GCC_PREPROCESSOR_DEFINITIONS = (
					"DEBUG=1",
					"$(inherited)",
				);
				GCC_WARN_64_TO_32_BIT_CONVERSION = YES;
				GCC_WARN_ABOUT_RETURN_TYPE = YES_ERROR;
				GCC_WARN_UNDECLARED_SELECTOR = YES;
				GCC_WARN_UNINITIALIZED_AUTOS = YES_AGGRESSIVE;
				GCC_WARN_UNUSED_FUNCTION = YES;
				GCC_WARN_UNUSED_VARIABLE = YES;
				IPHONEOS_DEPLOYMENT_TARGET = 14.5;
				MTL_ENABLE_DEBUG_INFO = INCLUDE_SOURCE;
				MTL_FAST_MATH = YES;
				ONLY_ACTIVE_ARCH = YES;
				SDKROOT = iphoneos;
				SWIFT_ACTIVE_COMPILATION_CONDITIONS = DEBUG;
				SWIFT_OPTIMIZATION_LEVEL = "-Onone";
			};
			name = Debug;
		};
		CF9E693E26839E6600398E1A /* Release */ = {
			isa = XCBuildConfiguration;
			buildSettings = {
				ALWAYS_SEARCH_USER_PATHS = NO;
				CLANG_ANALYZER_NONNULL = YES;
				CLANG_ANALYZER_NUMBER_OBJECT_CONVERSION = YES_AGGRESSIVE;
				CLANG_CXX_LANGUAGE_STANDARD = "gnu++14";
				CLANG_CXX_LIBRARY = "libc++";
				CLANG_ENABLE_MODULES = YES;
				CLANG_ENABLE_OBJC_ARC = YES;
				CLANG_ENABLE_OBJC_WEAK = YES;
				CLANG_WARN_BLOCK_CAPTURE_AUTORELEASING = YES;
				CLANG_WARN_BOOL_CONVERSION = YES;
				CLANG_WARN_COMMA = YES;
				CLANG_WARN_CONSTANT_CONVERSION = YES;
				CLANG_WARN_DEPRECATED_OBJC_IMPLEMENTATIONS = YES;
				CLANG_WARN_DIRECT_OBJC_ISA_USAGE = YES_ERROR;
				CLANG_WARN_DOCUMENTATION_COMMENTS = YES;
				CLANG_WARN_EMPTY_BODY = YES;
				CLANG_WARN_ENUM_CONVERSION = YES;
				CLANG_WARN_INFINITE_RECURSION = YES;
				CLANG_WARN_INT_CONVERSION = YES;
				CLANG_WARN_NON_LITERAL_NULL_CONVERSION = YES;
				CLANG_WARN_OBJC_IMPLICIT_RETAIN_SELF = YES;
				CLANG_WARN_OBJC_LITERAL_CONVERSION = YES;
				CLANG_WARN_OBJC_ROOT_CLASS = YES_ERROR;
				CLANG_WARN_QUOTED_INCLUDE_IN_FRAMEWORK_HEADER = YES;
				CLANG_WARN_RANGE_LOOP_ANALYSIS = YES;
				CLANG_WARN_STRICT_PROTOTYPES = YES;
				CLANG_WARN_SUSPICIOUS_MOVE = YES;
				CLANG_WARN_UNGUARDED_AVAILABILITY = YES_AGGRESSIVE;
				CLANG_WARN_UNREACHABLE_CODE = YES;
				CLANG_WARN__DUPLICATE_METHOD_MATCH = YES;
				COPY_PHASE_STRIP = NO;
				DEBUG_INFORMATION_FORMAT = "dwarf-with-dsym";
				ENABLE_NS_ASSERTIONS = NO;
				ENABLE_STRICT_OBJC_MSGSEND = YES;
				GCC_C_LANGUAGE_STANDARD = gnu11;
				GCC_NO_COMMON_BLOCKS = YES;
				GCC_WARN_64_TO_32_BIT_CONVERSION = YES;
				GCC_WARN_ABOUT_RETURN_TYPE = YES_ERROR;
				GCC_WARN_UNDECLARED_SELECTOR = YES;
				GCC_WARN_UNINITIALIZED_AUTOS = YES_AGGRESSIVE;
				GCC_WARN_UNUSED_FUNCTION = YES;
				GCC_WARN_UNUSED_VARIABLE = YES;
				IPHONEOS_DEPLOYMENT_TARGET = 14.5;
				MTL_ENABLE_DEBUG_INFO = NO;
				MTL_FAST_MATH = YES;
				SDKROOT = iphoneos;
				SWIFT_COMPILATION_MODE = wholemodule;
				SWIFT_OPTIMIZATION_LEVEL = "-O";
				VALIDATE_PRODUCT = YES;
			};
			name = Release;
		};
		CF9E694026839E6600398E1A /* Debug */ = {
			isa = XCBuildConfiguration;
			buildSettings = {
				ASSETCATALOG_COMPILER_APPICON_NAME = AppIcon;
				ASSETCATALOG_COMPILER_GLOBAL_ACCENT_COLOR_NAME = AccentColor;
				CODE_SIGN_STYLE = Automatic;
				DEVELOPMENT_ASSET_PATHS = "\"ARF/Preview Content\"";
				DEVELOPMENT_TEAM = K4Z3B8Z46M;
				ENABLE_PREVIEWS = YES;
				INFOPLIST_FILE = ARF/Info.plist;
				IPHONEOS_DEPLOYMENT_TARGET = 14.0;
				LD_RUNPATH_SEARCH_PATHS = (
					"$(inherited)",
					"@executable_path/Frameworks",
				);
				PRODUCT_BUNDLE_IDENTIFIER = com.tatar.ARF;
				PRODUCT_NAME = "$(TARGET_NAME)";
				SWIFT_VERSION = 5.0;
				TARGETED_DEVICE_FAMILY = "1,2";
			};
			name = Debug;
		};
		CF9E694126839E6600398E1A /* Release */ = {
			isa = XCBuildConfiguration;
			buildSettings = {
				ASSETCATALOG_COMPILER_APPICON_NAME = AppIcon;
				ASSETCATALOG_COMPILER_GLOBAL_ACCENT_COLOR_NAME = AccentColor;
				CODE_SIGN_STYLE = Automatic;
				DEVELOPMENT_ASSET_PATHS = "\"ARF/Preview Content\"";
				DEVELOPMENT_TEAM = K4Z3B8Z46M;
				ENABLE_PREVIEWS = YES;
				INFOPLIST_FILE = ARF/Info.plist;
				IPHONEOS_DEPLOYMENT_TARGET = 14.0;
				LD_RUNPATH_SEARCH_PATHS = (
					"$(inherited)",
					"@executable_path/Frameworks",
				);
				PRODUCT_BUNDLE_IDENTIFIER = com.tatar.ARF;
				PRODUCT_NAME = "$(TARGET_NAME)";
				SWIFT_VERSION = 5.0;
				TARGETED_DEVICE_FAMILY = "1,2";
			};
			name = Release;
		};
		CF9E694326839E6600398E1A /* Debug */ = {
			isa = XCBuildConfiguration;
			buildSettings = {
				ALWAYS_EMBED_SWIFT_STANDARD_LIBRARIES = YES;
				BUNDLE_LOADER = "$(TEST_HOST)";
				CODE_SIGN_STYLE = Automatic;
				DEVELOPMENT_TEAM = K4Z3B8Z46M;
				INFOPLIST_FILE = ARFTests/Info.plist;
				IPHONEOS_DEPLOYMENT_TARGET = 14.0;
				LD_RUNPATH_SEARCH_PATHS = (
					"$(inherited)",
					"@executable_path/Frameworks",
					"@loader_path/Frameworks",
				);
				PRODUCT_BUNDLE_IDENTIFIER = com.tatar.ARFTests;
				PRODUCT_NAME = "$(TARGET_NAME)";
				SWIFT_VERSION = 5.0;
				TARGETED_DEVICE_FAMILY = "1,2";
				TEST_HOST = "$(BUILT_PRODUCTS_DIR)/ARF.app/ARF";
			};
			name = Debug;
		};
		CF9E694426839E6600398E1A /* Release */ = {
			isa = XCBuildConfiguration;
			buildSettings = {
				ALWAYS_EMBED_SWIFT_STANDARD_LIBRARIES = YES;
				BUNDLE_LOADER = "$(TEST_HOST)";
				CODE_SIGN_STYLE = Automatic;
				DEVELOPMENT_TEAM = K4Z3B8Z46M;
				INFOPLIST_FILE = ARFTests/Info.plist;
				IPHONEOS_DEPLOYMENT_TARGET = 14.0;
				LD_RUNPATH_SEARCH_PATHS = (
					"$(inherited)",
					"@executable_path/Frameworks",
					"@loader_path/Frameworks",
				);
				PRODUCT_BUNDLE_IDENTIFIER = com.tatar.ARFTests;
				PRODUCT_NAME = "$(TARGET_NAME)";
				SWIFT_VERSION = 5.0;
				TARGETED_DEVICE_FAMILY = "1,2";
				TEST_HOST = "$(BUILT_PRODUCTS_DIR)/ARF.app/ARF";
			};
			name = Release;
		};
		CF9E694626839E6600398E1A /* Debug */ = {
			isa = XCBuildConfiguration;
			buildSettings = {
				ALWAYS_EMBED_SWIFT_STANDARD_LIBRARIES = YES;
				CODE_SIGN_STYLE = Automatic;
				DEVELOPMENT_TEAM = K4Z3B8Z46M;
				INFOPLIST_FILE = ARFUITests/Info.plist;
				LD_RUNPATH_SEARCH_PATHS = (
					"$(inherited)",
					"@executable_path/Frameworks",
					"@loader_path/Frameworks",
				);
				PRODUCT_BUNDLE_IDENTIFIER = com.tatar.ARFUITests;
				PRODUCT_NAME = "$(TARGET_NAME)";
				SWIFT_VERSION = 5.0;
				TARGETED_DEVICE_FAMILY = "1,2";
				TEST_TARGET_NAME = ARF;
			};
			name = Debug;
		};
		CF9E694726839E6600398E1A /* Release */ = {
			isa = XCBuildConfiguration;
			buildSettings = {
				ALWAYS_EMBED_SWIFT_STANDARD_LIBRARIES = YES;
				CODE_SIGN_STYLE = Automatic;
				DEVELOPMENT_TEAM = K4Z3B8Z46M;
				INFOPLIST_FILE = ARFUITests/Info.plist;
				LD_RUNPATH_SEARCH_PATHS = (
					"$(inherited)",
					"@executable_path/Frameworks",
					"@loader_path/Frameworks",
				);
				PRODUCT_BUNDLE_IDENTIFIER = com.tatar.ARFUITests;
				PRODUCT_NAME = "$(TARGET_NAME)";
				SWIFT_VERSION = 5.0;
				TARGETED_DEVICE_FAMILY = "1,2";
				TEST_TARGET_NAME = ARF;
			};
			name = Release;
		};
/* End XCBuildConfiguration section */

/* Begin XCConfigurationList section */
		CF9E691526839E6300398E1A /* Build configuration list for PBXProject "ARF" */ = {
			isa = XCConfigurationList;
			buildConfigurations = (
				CF9E693D26839E6600398E1A /* Debug */,
				CF9E693E26839E6600398E1A /* Release */,
			);
			defaultConfigurationIsVisible = 0;
			defaultConfigurationName = Release;
		};
		CF9E693F26839E6600398E1A /* Build configuration list for PBXNativeTarget "ARF" */ = {
			isa = XCConfigurationList;
			buildConfigurations = (
				CF9E694026839E6600398E1A /* Debug */,
				CF9E694126839E6600398E1A /* Release */,
			);
			defaultConfigurationIsVisible = 0;
			defaultConfigurationName = Release;
		};
		CF9E694226839E6600398E1A /* Build configuration list for PBXNativeTarget "ARFTests" */ = {
			isa = XCConfigurationList;
			buildConfigurations = (
				CF9E694326839E6600398E1A /* Debug */,
				CF9E694426839E6600398E1A /* Release */,
			);
			defaultConfigurationIsVisible = 0;
			defaultConfigurationName = Release;
		};
		CF9E694526839E6600398E1A /* Build configuration list for PBXNativeTarget "ARFUITests" */ = {
			isa = XCConfigurationList;
			buildConfigurations = (
				CF9E694626839E6600398E1A /* Debug */,
				CF9E694726839E6600398E1A /* Release */,
			);
			defaultConfigurationIsVisible = 0;
			defaultConfigurationName = Release;
		};
/* End XCConfigurationList section */

/* Begin XCRemoteSwiftPackageReference section */
		CFEF05D52683D2E000A5B35F /* XCRemoteSwiftPackageReference "FocusEntity" */ = {
			isa = XCRemoteSwiftPackageReference;
			repositoryURL = "https://github.com/maxxfrazer/FocusEntity";
			requirement = {
				kind = upToNextMajorVersion;
				minimumVersion = 2.2.3;
			};
		};
/* End XCRemoteSwiftPackageReference section */

/* Begin XCSwiftPackageProductDependency section */
		CFEF05D62683D2E000A5B35F /* FocusEntity */ = {
			isa = XCSwiftPackageProductDependency;
			package = CFEF05D52683D2E000A5B35F /* XCRemoteSwiftPackageReference "FocusEntity" */;
			productName = FocusEntity;
		};
/* End XCSwiftPackageProductDependency section */
	};
	rootObject = CF9E691226839E6300398E1A /* Project object */;
}
